// !$*UTF8*$!
{
	archiveVersion = 1;
	classes = {
	};
	objectVersion = 56;
	objects = {

/* Begin PBXBuildFile section */
		2C4E55DA294C031A00D558E6 /* Main.storyboard in Resources */ = {isa = PBXBuildFile; fileRef = 2C4E55D9294C031A00D558E6 /* Main.storyboard */; };
		2C4E55DC294C032A00D558E6 /* AlarmController.swift in Sources */ = {isa = PBXBuildFile; fileRef = 2C4E55DB294C032A00D558E6 /* AlarmController.swift */; };
		2C4E55DE294C035600D558E6 /* AlarmTableViewCell.swift in Sources */ = {isa = PBXBuildFile; fileRef = 2C4E55DD294C035600D558E6 /* AlarmTableViewCell.swift */; };
		2C4E55E0294C036600D558E6 /* AlarmListTableViewController.swift in Sources */ = {isa = PBXBuildFile; fileRef = 2C4E55DF294C036600D558E6 /* AlarmListTableViewController.swift */; };
		2C4E55E2294C036F00D558E6 /* AlarmDetailTableViewController.swift in Sources */ = {isa = PBXBuildFile; fileRef = 2C4E55E1294C036F00D558E6 /* AlarmDetailTableViewController.swift */; };
		2C4E55E4294C038400D558E6 /* CoreDataStack.swift in Sources */ = {isa = PBXBuildFile; fileRef = 2C4E55E3294C038400D558E6 /* CoreDataStack.swift */; };
		2C4E55E6294C039200D558E6 /* Alarm+Convenience.swift in Sources */ = {isa = PBXBuildFile; fileRef = 2C4E55E5294C039200D558E6 /* Alarm+Convenience.swift */; };
		2C4E55E9294C06B200D558E6 /* AlarmScheduler.swift in Sources */ = {isa = PBXBuildFile; fileRef = 2C4E55E8294C06B200D558E6 /* AlarmScheduler.swift */; };
		2C4E55EC294C06C300D558E6 /* DateHelper.swift in Sources */ = {isa = PBXBuildFile; fileRef = 2C4E55EB294C06C300D558E6 /* DateHelper.swift */; };
		2CB86417294C0275004B388E /* AppDelegate.swift in Sources */ = {isa = PBXBuildFile; fileRef = 2CB86416294C0275004B388E /* AppDelegate.swift */; };
		2CB86419294C0275004B388E /* SceneDelegate.swift in Sources */ = {isa = PBXBuildFile; fileRef = 2CB86418294C0275004B388E /* SceneDelegate.swift */; };
		2CB86421294C0275004B388E /* AlarmCD.xcdatamodeld in Sources */ = {isa = PBXBuildFile; fileRef = 2CB8641F294C0275004B388E /* AlarmCD.xcdatamodeld */; };
		2CB86423294C0275004B388E /* Assets.xcassets in Resources */ = {isa = PBXBuildFile; fileRef = 2CB86422294C0275004B388E /* Assets.xcassets */; };
		2CB86426294C0275004B388E /* LaunchScreen.storyboard in Resources */ = {isa = PBXBuildFile; fileRef = 2CB86424294C0275004B388E /* LaunchScreen.storyboard */; };
/* End PBXBuildFile section */

/* Begin PBXFileReference section */
		2C4E55D9294C031A00D558E6 /* Main.storyboard */ = {isa = PBXFileReference; fileEncoding = 4; lastKnownFileType = file.storyboard; path = Main.storyboard; sourceTree = "<group>"; };
		2C4E55DB294C032A00D558E6 /* AlarmController.swift */ = {isa = PBXFileReference; lastKnownFileType = sourcecode.swift; path = AlarmController.swift; sourceTree = "<group>"; };
		2C4E55DD294C035600D558E6 /* AlarmTableViewCell.swift */ = {isa = PBXFileReference; lastKnownFileType = sourcecode.swift; path = AlarmTableViewCell.swift; sourceTree = "<group>"; };
		2C4E55DF294C036600D558E6 /* AlarmListTableViewController.swift */ = {isa = PBXFileReference; lastKnownFileType = sourcecode.swift; path = AlarmListTableViewController.swift; sourceTree = "<group>"; };
		2C4E55E1294C036F00D558E6 /* AlarmDetailTableViewController.swift */ = {isa = PBXFileReference; lastKnownFileType = sourcecode.swift; path = AlarmDetailTableViewController.swift; sourceTree = "<group>"; };
		2C4E55E3294C038400D558E6 /* CoreDataStack.swift */ = {isa = PBXFileReference; lastKnownFileType = sourcecode.swift; path = CoreDataStack.swift; sourceTree = "<group>"; };
		2C4E55E5294C039200D558E6 /* Alarm+Convenience.swift */ = {isa = PBXFileReference; lastKnownFileType = sourcecode.swift; path = "Alarm+Convenience.swift"; sourceTree = "<group>"; };
		2C4E55E8294C06B200D558E6 /* AlarmScheduler.swift */ = {isa = PBXFileReference; lastKnownFileType = sourcecode.swift; path = AlarmScheduler.swift; sourceTree = "<group>"; };
		2C4E55EB294C06C300D558E6 /* DateHelper.swift */ = {isa = PBXFileReference; lastKnownFileType = sourcecode.swift; path = DateHelper.swift; sourceTree = "<group>"; };
		2CB86413294C0275004B388E /* AlarmCD.app */ = {isa = PBXFileReference; explicitFileType = wrapper.application; includeInIndex = 0; path = AlarmCD.app; sourceTree = BUILT_PRODUCTS_DIR; };
		2CB86416294C0275004B388E /* AppDelegate.swift */ = {isa = PBXFileReference; lastKnownFileType = sourcecode.swift; path = AppDelegate.swift; sourceTree = "<group>"; };
		2CB86418294C0275004B388E /* SceneDelegate.swift */ = {isa = PBXFileReference; lastKnownFileType = sourcecode.swift; path = SceneDelegate.swift; sourceTree = "<group>"; };
		2CB86420294C0275004B388E /* AlarmCD.xcdatamodel */ = {isa = PBXFileReference; lastKnownFileType = wrapper.xcdatamodel; path = AlarmCD.xcdatamodel; sourceTree = "<group>"; };
		2CB86422294C0275004B388E /* Assets.xcassets */ = {isa = PBXFileReference; lastKnownFileType = folder.assetcatalog; path = Assets.xcassets; sourceTree = "<group>"; };
		2CB86425294C0275004B388E /* Base */ = {isa = PBXFileReference; lastKnownFileType = file.storyboard; name = Base; path = Base.lproj/LaunchScreen.storyboard; sourceTree = "<group>"; };
		2CB86427294C0275004B388E /* Info.plist */ = {isa = PBXFileReference; lastKnownFileType = text.plist.xml; path = Info.plist; sourceTree = "<group>"; };
/* End PBXFileReference section */

/* Begin PBXFrameworksBuildPhase section */
		2CB86410294C0275004B388E /* Frameworks */ = {
			isa = PBXFrameworksBuildPhase;
			buildActionMask = 2147483647;
			files = (
			);
			runOnlyForDeploymentPostprocessing = 0;
		};
/* End PBXFrameworksBuildPhase section */

/* Begin PBXGroup section */
		2C4E55D1294C02A800D558E6 /* Resources */ = {
			isa = PBXGroup;
			children = (
				2CB86416294C0275004B388E /* AppDelegate.swift */,
				2CB86418294C0275004B388E /* SceneDelegate.swift */,
				2CB86422294C0275004B388E /* Assets.xcassets */,
				2CB86424294C0275004B388E /* LaunchScreen.storyboard */,
				2CB86427294C0275004B388E /* Info.plist */,
			);
			path = Resources;
			sourceTree = "<group>";
		};
		2C4E55D2294C02EB00D558E6 /* Controllers */ = {
			isa = PBXGroup;
			children = (
				2C4E55D4294C02F500D558E6 /* ModelControllers */,
				2C4E55D3294C02F000D558E6 /* ViewControllers */,
			);
			path = Controllers;
			sourceTree = "<group>";
		};
		2C4E55D3294C02F000D558E6 /* ViewControllers */ = {
			isa = PBXGroup;
			children = (
				2C4E55DF294C036600D558E6 /* AlarmListTableViewController.swift */,
				2C4E55E1294C036F00D558E6 /* AlarmDetailTableViewController.swift */,
			);
			path = ViewControllers;
			sourceTree = "<group>";
		};
		2C4E55D4294C02F500D558E6 /* ModelControllers */ = {
			isa = PBXGroup;
			children = (
				2C4E55DB294C032A00D558E6 /* AlarmController.swift */,
			);
			path = ModelControllers;
			sourceTree = "<group>";
		};
		2C4E55D5294C02FC00D558E6 /* Views */ = {
			isa = PBXGroup;
			children = (
				2C4E55D7294C030300D558E6 /* CustomViews */,
				2C4E55D6294C02FF00D558E6 /* Storyboard */,
			);
			path = Views;
			sourceTree = "<group>";
		};
		2C4E55D6294C02FF00D558E6 /* Storyboard */ = {
			isa = PBXGroup;
			children = (
				2C4E55D9294C031A00D558E6 /* Main.storyboard */,
			);
			path = Storyboard;
			sourceTree = "<group>";
		};
		2C4E55D7294C030300D558E6 /* CustomViews */ = {
			isa = PBXGroup;
			children = (
				2C4E55DD294C035600D558E6 /* AlarmTableViewCell.swift */,
			);
			path = CustomViews;
			sourceTree = "<group>";
		};
		2C4E55D8294C030B00D558E6 /* CoreData */ = {
			isa = PBXGroup;
			children = (
				2CB8641F294C0275004B388E /* AlarmCD.xcdatamodeld */,
				2C4E55E3294C038400D558E6 /* CoreDataStack.swift */,
				2C4E55E5294C039200D558E6 /* Alarm+Convenience.swift */,
			);
			path = CoreData;
			sourceTree = "<group>";
		};
		2C4E55E7294C069E00D558E6 /* HelperFiles */ = {
			isa = PBXGroup;
			children = (
				2C4E55E8294C06B200D558E6 /* AlarmScheduler.swift */,
				2C4E55EB294C06C300D558E6 /* DateHelper.swift */,
			);
			path = HelperFiles;
			sourceTree = "<group>";
		};
		2CB8640A294C0275004B388E = {
			isa = PBXGroup;
			children = (
				2CB86415294C0275004B388E /* AlarmCD */,
				2CB86414294C0275004B388E /* Products */,
			);
			sourceTree = "<group>";
		};
		2CB86414294C0275004B388E /* Products */ = {
			isa = PBXGroup;
			children = (
				2CB86413294C0275004B388E /* AlarmCD.app */,
			);
			name = Products;
			sourceTree = "<group>";
		};
		2CB86415294C0275004B388E /* AlarmCD */ = {
			isa = PBXGroup;
			children = (
				2C4E55D8294C030B00D558E6 /* CoreData */,
				2C4E55D5294C02FC00D558E6 /* Views */,
				2C4E55D2294C02EB00D558E6 /* Controllers */,
				2C4E55E7294C069E00D558E6 /* HelperFiles */,
				2C4E55D1294C02A800D558E6 /* Resources */,
			);
			path = AlarmCD;
			sourceTree = "<group>";
		};
/* End PBXGroup section */

/* Begin PBXNativeTarget section */
		2CB86412294C0275004B388E /* AlarmCD */ = {
			isa = PBXNativeTarget;
			buildConfigurationList = 2CB8642A294C0275004B388E /* Build configuration list for PBXNativeTarget "AlarmCD" */;
			buildPhases = (
				2CB8640F294C0275004B388E /* Sources */,
				2CB86410294C0275004B388E /* Frameworks */,
				2CB86411294C0275004B388E /* Resources */,
			);
			buildRules = (
			);
			dependencies = (
			);
			name = AlarmCD;
			productName = AlarmCD;
			productReference = 2CB86413294C0275004B388E /* AlarmCD.app */;
			productType = "com.apple.product-type.application";
		};
/* End PBXNativeTarget section */

/* Begin PBXProject section */
		2CB8640B294C0275004B388E /* Project object */ = {
			isa = PBXProject;
			attributes = {
				BuildIndependentTargetsInParallel = 1;
				LastSwiftUpdateCheck = 1420;
				LastUpgradeCheck = 1420;
				TargetAttributes = {
					2CB86412294C0275004B388E = {
						CreatedOnToolsVersion = 14.2;
					};
				};
			};
			buildConfigurationList = 2CB8640E294C0275004B388E /* Build configuration list for PBXProject "AlarmCD" */;
			compatibilityVersion = "Xcode 14.0";
			developmentRegion = en;
			hasScannedForEncodings = 0;
			knownRegions = (
				en,
				Base,
			);
			mainGroup = 2CB8640A294C0275004B388E;
			productRefGroup = 2CB86414294C0275004B388E /* Products */;
			projectDirPath = "";
			projectRoot = "";
			targets = (
				2CB86412294C0275004B388E /* AlarmCD */,
			);
		};
/* End PBXProject section */

/* Begin PBXResourcesBuildPhase section */
		2CB86411294C0275004B388E /* Resources */ = {
			isa = PBXResourcesBuildPhase;
			buildActionMask = 2147483647;
			files = (
				2C4E55DA294C031A00D558E6 /* Main.storyboard in Resources */,
				2CB86426294C0275004B388E /* LaunchScreen.storyboard in Resources */,
				2CB86423294C0275004B388E /* Assets.xcassets in Resources */,
			);
			runOnlyForDeploymentPostprocessing = 0;
		};
/* End PBXResourcesBuildPhase section */

/* Begin PBXSourcesBuildPhase section */
		2CB8640F294C0275004B388E /* Sources */ = {
			isa = PBXSourcesBuildPhase;
			buildActionMask = 2147483647;
			files = (
				2C4E55DE294C035600D558E6 /* AlarmTableViewCell.swift in Sources */,
				2C4E55E0294C036600D558E6 /* AlarmListTableViewController.swift in Sources */,
				2CB86421294C0275004B388E /* AlarmCD.xcdatamodeld in Sources */,
				2C4E55E2294C036F00D558E6 /* AlarmDetailTableViewController.swift in Sources */,
				2C4E55DC294C032A00D558E6 /* AlarmController.swift in Sources */,
				2C4E55E9294C06B200D558E6 /* AlarmScheduler.swift in Sources */,
				2C4E55E6294C039200D558E6 /* Alarm+Convenience.swift in Sources */,
				2CB86417294C0275004B388E /* AppDelegate.swift in Sources */,
				2CB86419294C0275004B388E /* SceneDelegate.swift in Sources */,
				2C4E55EC294C06C300D558E6 /* DateHelper.swift in Sources */,
				2C4E55E4294C038400D558E6 /* CoreDataStack.swift in Sources */,
			);
			runOnlyForDeploymentPostprocessing = 0;
		};
/* End PBXSourcesBuildPhase section */

/* Begin PBXVariantGroup section */
		2CB86424294C0275004B388E /* LaunchScreen.storyboard */ = {
			isa = PBXVariantGroup;
			children = (
				2CB86425294C0275004B388E /* Base */,
			);
			name = LaunchScreen.storyboard;
			sourceTree = "<group>";
		};
/* End PBXVariantGroup section */

/* Begin XCBuildConfiguration section */
		2CB86428294C0275004B388E /* Debug */ = {
			isa = XCBuildConfiguration;
			buildSettings = {
				ALWAYS_SEARCH_USER_PATHS = NO;
				CLANG_ANALYZER_NONNULL = YES;
				CLANG_ANALYZER_NUMBER_OBJECT_CONVERSION = YES_AGGRESSIVE;
				CLANG_CXX_LANGUAGE_STANDARD = "gnu++20";
				CLANG_ENABLE_MODULES = YES;
				CLANG_ENABLE_OBJC_ARC = YES;
				CLANG_ENABLE_OBJC_WEAK = YES;
				CLANG_WARN_BLOCK_CAPTURE_AUTORELEASING = YES;
				CLANG_WARN_BOOL_CONVERSION = YES;
				CLANG_WARN_COMMA = YES;
				CLANG_WARN_CONSTANT_CONVERSION = YES;
				CLANG_WARN_DEPRECATED_OBJC_IMPLEMENTATIONS = YES;
				CLANG_WARN_DIRECT_OBJC_ISA_USAGE = YES_ERROR;
				CLANG_WARN_DOCUMENTATION_COMMENTS = YES;
				CLANG_WARN_EMPTY_BODY = YES;
				CLANG_WARN_ENUM_CONVERSION = YES;
				CLANG_WARN_INFINITE_RECURSION = YES;
				CLANG_WARN_INT_CONVERSION = YES;
				CLANG_WARN_NON_LITERAL_NULL_CONVERSION = YES;
				CLANG_WARN_OBJC_IMPLICIT_RETAIN_SELF = YES;
				CLANG_WARN_OBJC_LITERAL_CONVERSION = YES;
				CLANG_WARN_OBJC_ROOT_CLASS = YES_ERROR;
				CLANG_WARN_QUOTED_INCLUDE_IN_FRAMEWORK_HEADER = YES;
				CLANG_WARN_RANGE_LOOP_ANALYSIS = YES;
				CLANG_WARN_STRICT_PROTOTYPES = YES;
				CLANG_WARN_SUSPICIOUS_MOVE = YES;
				CLANG_WARN_UNGUARDED_AVAILABILITY = YES_AGGRESSIVE;
				CLANG_WARN_UNREACHABLE_CODE = YES;
				CLANG_WARN__DUPLICATE_METHOD_MATCH = YES;
				COPY_PHASE_STRIP = NO;
				DEBUG_INFORMATION_FORMAT = dwarf;
				ENABLE_STRICT_OBJC_MSGSEND = YES;
				ENABLE_TESTABILITY = YES;
				GCC_C_LANGUAGE_STANDARD = gnu11;
				GCC_DYNAMIC_NO_PIC = NO;
				GCC_NO_COMMON_BLOCKS = YES;
				GCC_OPTIMIZATION_LEVEL = 0;
				GCC_PREPROCESSOR_DEFINITIONS = (
					"DEBUG=1",
					"$(inherited)",
				);
				GCC_WARN_64_TO_32_BIT_CONVERSION = YES;
				GCC_WARN_ABOUT_RETURN_TYPE = YES_ERROR;
				GCC_WARN_UNDECLARED_SELECTOR = YES;
				GCC_WARN_UNINITIALIZED_AUTOS = YES_AGGRESSIVE;
				GCC_WARN_UNUSED_FUNCTION = YES;
				GCC_WARN_UNUSED_VARIABLE = YES;
				IPHONEOS_DEPLOYMENT_TARGET = 16.2;
				MTL_ENABLE_DEBUG_INFO = INCLUDE_SOURCE;
				MTL_FAST_MATH = YES;
				ONLY_ACTIVE_ARCH = YES;
				SDKROOT = iphoneos;
				SWIFT_ACTIVE_COMPILATION_CONDITIONS = DEBUG;
				SWIFT_OPTIMIZATION_LEVEL = "-Onone";
			};
			name = Debug;
		};
		2CB86429294C0275004B388E /* Release */ = {
			isa = XCBuildConfiguration;
			buildSettings = {
				ALWAYS_SEARCH_USER_PATHS = NO;
				CLANG_ANALYZER_NONNULL = YES;
				CLANG_ANALYZER_NUMBER_OBJECT_CONVERSION = YES_AGGRESSIVE;
				CLANG_CXX_LANGUAGE_STANDARD = "gnu++20";
				CLANG_ENABLE_MODULES = YES;
				CLANG_ENABLE_OBJC_ARC = YES;
				CLANG_ENABLE_OBJC_WEAK = YES;
				CLANG_WARN_BLOCK_CAPTURE_AUTORELEASING = YES;
				CLANG_WARN_BOOL_CONVERSION = YES;
				CLANG_WARN_COMMA = YES;
				CLANG_WARN_CONSTANT_CONVERSION = YES;
				CLANG_WARN_DEPRECATED_OBJC_IMPLEMENTATIONS = YES;
				CLANG_WARN_DIRECT_OBJC_ISA_USAGE = YES_ERROR;
				CLANG_WARN_DOCUMENTATION_COMMENTS = YES;
				CLANG_WARN_EMPTY_BODY = YES;
				CLANG_WARN_ENUM_CONVERSION = YES;
				CLANG_WARN_INFINITE_RECURSION = YES;
				CLANG_WARN_INT_CONVERSION = YES;
				CLANG_WARN_NON_LITERAL_NULL_CONVERSION = YES;
				CLANG_WARN_OBJC_IMPLICIT_RETAIN_SELF = YES;
				CLANG_WARN_OBJC_LITERAL_CONVERSION = YES;
				CLANG_WARN_OBJC_ROOT_CLASS = YES_ERROR;
				CLANG_WARN_QUOTED_INCLUDE_IN_FRAMEWORK_HEADER = YES;
				CLANG_WARN_RANGE_LOOP_ANALYSIS = YES;
				CLANG_WARN_STRICT_PROTOTYPES = YES;
				CLANG_WARN_SUSPICIOUS_MOVE = YES;
				CLANG_WARN_UNGUARDED_AVAILABILITY = YES_AGGRESSIVE;
				CLANG_WARN_UNREACHABLE_CODE = YES;
				CLANG_WARN__DUPLICATE_METHOD_MATCH = YES;
				COPY_PHASE_STRIP = NO;
				DEBUG_INFORMATION_FORMAT = "dwarf-with-dsym";
				ENABLE_NS_ASSERTIONS = NO;
				ENABLE_STRICT_OBJC_MSGSEND = YES;
				GCC_C_LANGUAGE_STANDARD = gnu11;
				GCC_NO_COMMON_BLOCKS = YES;
				GCC_WARN_64_TO_32_BIT_CONVERSION = YES;
				GCC_WARN_ABOUT_RETURN_TYPE = YES_ERROR;
				GCC_WARN_UNDECLARED_SELECTOR = YES;
				GCC_WARN_UNINITIALIZED_AUTOS = YES_AGGRESSIVE;
				GCC_WARN_UNUSED_FUNCTION = YES;
				GCC_WARN_UNUSED_VARIABLE = YES;
				IPHONEOS_DEPLOYMENT_TARGET = 16.2;
				MTL_ENABLE_DEBUG_INFO = NO;
				MTL_FAST_MATH = YES;
				SDKROOT = iphoneos;
				SWIFT_COMPILATION_MODE = wholemodule;
				SWIFT_OPTIMIZATION_LEVEL = "-O";
				VALIDATE_PRODUCT = YES;
			};
			name = Release;
		};
		2CB8642B294C0275004B388E /* Debug */ = {
			isa = XCBuildConfiguration;
			buildSettings = {
				ASSETCATALOG_COMPILER_APPICON_NAME = AppIcon;
				ASSETCATALOG_COMPILER_GLOBAL_ACCENT_COLOR_NAME = AccentColor;
				CODE_SIGN_STYLE = Automatic;
				CURRENT_PROJECT_VERSION = 1;
				DEVELOPMENT_TEAM = 6UUX2L32WR;
				GENERATE_INFOPLIST_FILE = YES;
				INFOPLIST_FILE = AlarmCD/Resources/Info.plist;
				INFOPLIST_KEY_UIApplicationSupportsIndirectInputEvents = YES;
				INFOPLIST_KEY_UILaunchStoryboardName = LaunchScreen;
				INFOPLIST_KEY_UIMainStoryboardFile = Main;
				INFOPLIST_KEY_UISupportedInterfaceOrientations_iPad = "UIInterfaceOrientationPortrait UIInterfaceOrientationPortraitUpsideDown UIInterfaceOrientationLandscapeLeft UIInterfaceOrientationLandscapeRight";
				INFOPLIST_KEY_UISupportedInterfaceOrientations_iPhone = "UIInterfaceOrientationPortrait UIInterfaceOrientationLandscapeLeft UIInterfaceOrientationLandscapeRight";
				LD_RUNPATH_SEARCH_PATHS = (
					"$(inherited)",
					"@executable_path/Frameworks",
				);
				MARKETING_VERSION = 1.0;
				PRODUCT_BUNDLE_IDENTIFIER = com.royalbluesoftware.AlarmCD;
				PRODUCT_NAME = "$(TARGET_NAME)";
				SUPPORTED_PLATFORMS = "iphoneos iphonesimulator";
				SUPPORTS_MACCATALYST = NO;
				SUPPORTS_MAC_DESIGNED_FOR_IPHONE_IPAD = NO;
				SWIFT_EMIT_LOC_STRINGS = YES;
				SWIFT_VERSION = 5.0;
				TARGETED_DEVICE_FAMILY = "1,2";
			};
			name = Debug;
		};
		2CB8642C294C0275004B388E /* Release */ = {
			isa = XCBuildConfiguration;
			buildSettings = {
				ASSETCATALOG_COMPILER_APPICON_NAME = AppIcon;
				ASSETCATALOG_COMPILER_GLOBAL_ACCENT_COLOR_NAME = AccentColor;
				CODE_SIGN_STYLE = Automatic;
				CURRENT_PROJECT_VERSION = 1;
				DEVELOPMENT_TEAM = 6UUX2L32WR;
				GENERATE_INFOPLIST_FILE = YES;
				INFOPLIST_FILE = AlarmCD/Resources/Info.plist;
				INFOPLIST_KEY_UIApplicationSupportsIndirectInputEvents = YES;
				INFOPLIST_KEY_UILaunchStoryboardName = LaunchScreen;
				INFOPLIST_KEY_UIMainStoryboardFile = Main;
				INFOPLIST_KEY_UISupportedInterfaceOrientations_iPad = "UIInterfaceOrientationPortrait UIInterfaceOrientationPortraitUpsideDown UIInterfaceOrientationLandscapeLeft UIInterfaceOrientationLandscapeRight";
				INFOPLIST_KEY_UISupportedInterfaceOrientations_iPhone = "UIInterfaceOrientationPortrait UIInterfaceOrientationLandscapeLeft UIInterfaceOrientationLandscapeRight";
				LD_RUNPATH_SEARCH_PATHS = (
					"$(inherited)",
					"@executable_path/Frameworks",
				);
				MARKETING_VERSION = 1.0;
				PRODUCT_BUNDLE_IDENTIFIER = com.royalbluesoftware.AlarmCD;
				PRODUCT_NAME = "$(TARGET_NAME)";
				SUPPORTED_PLATFORMS = "iphoneos iphonesimulator";
				SUPPORTS_MACCATALYST = NO;
				SUPPORTS_MAC_DESIGNED_FOR_IPHONE_IPAD = NO;
				SWIFT_EMIT_LOC_STRINGS = YES;
				SWIFT_VERSION = 5.0;
				TARGETED_DEVICE_FAMILY = "1,2";
			};
			name = Release;
		};
/* End XCBuildConfiguration section */

/* Begin XCConfigurationList section */
		2CB8640E294C0275004B388E /* Build configuration list for PBXProject "AlarmCD" */ = {
			isa = XCConfigurationList;
			buildConfigurations = (
				2CB86428294C0275004B388E /* Debug */,
				2CB86429294C0275004B388E /* Release */,
			);
			defaultConfigurationIsVisible = 0;
			defaultConfigurationName = Release;
		};
		2CB8642A294C0275004B388E /* Build configuration list for PBXNativeTarget "AlarmCD" */ = {
			isa = XCConfigurationList;
			buildConfigurations = (
				2CB8642B294C0275004B388E /* Debug */,
				2CB8642C294C0275004B388E /* Release */,
			);
			defaultConfigurationIsVisible = 0;
			defaultConfigurationName = Release;
		};
/* End XCConfigurationList section */

/* Begin XCVersionGroup section */
		2CB8641F294C0275004B388E /* AlarmCD.xcdatamodeld */ = {
			isa = XCVersionGroup;
			children = (
				2CB86420294C0275004B388E /* AlarmCD.xcdatamodel */,
			);
			currentVersion = 2CB86420294C0275004B388E /* AlarmCD.xcdatamodel */;
			path = AlarmCD.xcdatamodeld;
			sourceTree = "<group>";
			versionGroupType = wrapper.xcdatamodel;
		};
/* End XCVersionGroup section */
	};
	rootObject = 2CB8640B294C0275004B388E /* Project object */;
}
